
Microsoft Visual Studio Solution File, Format Version 12.00
# Visual Studio Version 17
VisualStudioVersion = 17.3.32819.101
MinimumVisualStudioVersion = 10.0.40219.1
Project("{2150E333-8FDC-42A3-9474-1A3956D46DE8}") = "Core", "Core", "{CDD24D2E-FC54-4D4B-848C-8F4D2762C577}"
EndProject
Project("{9A19103F-16F7-4668-BE54-9A1E7A4F7556}") = "Service", "Service\Service.csproj", "{58304F1F-88E1-4377-902B-1AD5A620C8B2}"
EndProject
Project("{9A19103F-16F7-4668-BE54-9A1E7A4F7556}") = "Domain", "Domain\Domain.csproj", "{EEA9E079-57B7-448E-B8FA-EB57D5D51D5F}"
EndProject
Project("{9A19103F-16F7-4668-BE54-9A1E7A4F7556}") = "Common", "Common\Common.csproj", "{0F8C55AA-ED21-4EE2-8195-1A7996CDA3ED}"
EndProject
Project("{2150E333-8FDC-42A3-9474-1A3956D46DE8}") = "Presentation", "Presentation", "{729F5A8F-3071-457A-ACB0-86ED2FBF76C9}"
EndProject
Project("{FAE04EC0-301F-11D3-BF4B-00C04F79EFBC}") = "CurrencyConverter.Api", "CurrencyConverter.Api\CurrencyConverter.Api.csproj", "{4FC57479-6842-47D8-9299-8707011BB60B}"
EndProject
Global
	GlobalSection(SolutionConfigurationPlatforms) = preSolution
		Debug|Any CPU = Debug|Any CPU
		Release|Any CPU = Release|Any CPU
	EndGlobalSection
	GlobalSection(ProjectConfigurationPlatforms) = postSolution
		{58304F1F-88E1-4377-902B-1AD5A620C8B2}.Debug|Any CPU.ActiveCfg = Debug|Any CPU
		{58304F1F-88E1-4377-902B-1AD5A620C8B2}.Debug|Any CPU.Build.0 = Debug|Any CPU
		{58304F1F-88E1-4377-902B-1AD5A620C8B2}.Release|Any CPU.ActiveCfg = Release|Any CPU
		{58304F1F-88E1-4377-902B-1AD5A620C8B2}.Release|Any CPU.Build.0 = Release|Any CPU
		{EEA9E079-57B7-448E-B8FA-EB57D5D51D5F}.Debug|Any CPU.ActiveCfg = Debug|Any CPU
		{EEA9E079-57B7-448E-B8FA-EB57D5D51D5F}.Debug|Any CPU.Build.0 = Debug|Any CPU
		{EEA9E079-57B7-448E-B8FA-EB57D5D51D5F}.Release|Any CPU.ActiveCfg = Release|Any CPU
		{EEA9E079-57B7-448E-B8FA-EB57D5D51D5F}.Release|Any CPU.Build.0 = Release|Any CPU
		{0F8C55AA-ED21-4EE2-8195-1A7996CDA3ED}.Debug|Any CPU.ActiveCfg = Debug|Any CPU
		{0F8C55AA-ED21-4EE2-8195-1A7996CDA3ED}.Debug|Any CPU.Build.0 = Debug|Any CPU
		{0F8C55AA-ED21-4EE2-8195-1A7996CDA3ED}.Release|Any CPU.ActiveCfg = Release|Any CPU
		{0F8C55AA-ED21-4EE2-8195-1A7996CDA3ED}.Release|Any CPU.Build.0 = Release|Any CPU
		{4FC57479-6842-47D8-9299-8707011BB60B}.Debug|Any CPU.ActiveCfg = Debug|Any CPU
		{4FC57479-6842-47D8-9299-8707011BB60B}.Debug|Any CPU.Build.0 = Debug|Any CPU
		{4FC57479-6842-47D8-9299-8707011BB60B}.Release|Any CPU.ActiveCfg = Release|Any CPU
		{4FC57479-6842-47D8-9299-8707011BB60B}.Release|Any CPU.Build.0 = Release|Any CPU
	EndGlobalSection
	GlobalSection(SolutionProperties) = preSolution
		HideSolutionNode = FALSE
	EndGlobalSection
	GlobalSection(NestedProjects) = preSolution
		{58304F1F-88E1-4377-902B-1AD5A620C8B2} = {CDD24D2E-FC54-4D4B-848C-8F4D2762C577}
		{EEA9E079-57B7-448E-B8FA-EB57D5D51D5F} = {CDD24D2E-FC54-4D4B-848C-8F4D2762C577}
		{0F8C55AA-ED21-4EE2-8195-1A7996CDA3ED} = {CDD24D2E-FC54-4D4B-848C-8F4D2762C577}
		{4FC57479-6842-47D8-9299-8707011BB60B} = {729F5A8F-3071-457A-ACB0-86ED2FBF76C9}
	EndGlobalSection
	GlobalSection(ExtensibilityGlobals) = postSolution
		SolutionGuid = {74D1D345-E99C-4B4F-A1C3-FEDB6523F768}
	EndGlobalSection
EndGlobal
